
Microsoft Visual Studio Solution File, Format Version 12.00
Project("{2150E333-8FDC-42A3-9474-1A3956D46DE8}") = "Solution Items", "Solution Items", "{8FC526EA-218B-4615-8410-4E1850611F38}"
	ProjectSection(SolutionItems) = preProject
		.editorconfig = .editorconfig
	EndProjectSection
EndProject
Project("{2150E333-8FDC-42A3-9474-1A3956D46DE8}") = "src", "src", "{21A4B4C1-F2DB-402B-92D2-36D493FF409A}"
EndProject
Project("{2150E333-8FDC-42A3-9474-1A3956D46DE8}") = "Common", "Common", "{EF0576FE-1666-4E53-9198-554DCBD6C117}"
EndProject
Project("{2150E333-8FDC-42A3-9474-1A3956D46DE8}") = "Modules", "Modules", "{2B481FE9-1480-43A0-8F1E-C09298435507}"
EndProject
Project("{FAE04EC0-301F-11D3-BF4B-00C04F79EFBC}") = "Domain", "src\Common\Domain\Domain.csproj", "{28AA6DB8-7E21-4599-9150-8CF7126199E5}"
EndProject
Project("{FAE04EC0-301F-11D3-BF4B-00C04F79EFBC}") = "Application", "src\Common\Application\Application.csproj", "{8555A11B-6DEE-46B2-98B9-BF95496A57FD}"
EndProject
Project("{FAE04EC0-301F-11D3-BF4B-00C04F79EFBC}") = "Infrastructure", "src\Common\Infrastructure\Infrastructure.csproj", "{D3D52558-E4E1-4FE8-BD5C-241251B17775}"
EndProject
Project("{FAE04EC0-301F-11D3-BF4B-00C04F79EFBC}") = "App", "src\App\App.csproj", "{13BD0332-0B1B-448C-B77C-266776E530A8}"
EndProject
Project("{2150E333-8FDC-42A3-9474-1A3956D46DE8}") = "Users", "Users", "{C55F6016-20AA-48CD-A0FD-27697CF91DBB}"
EndProject
Project("{FAE04EC0-301F-11D3-BF4B-00C04F79EFBC}") = "Modules.Users.Domain", "src\Modules\Users\Modules.Users.Domain\Modules.Users.Domain.csproj", "{3DF1754E-318D-418F-B1BF-59201E0D38F3}"
EndProject
Project("{FAE04EC0-301F-11D3-BF4B-00C04F79EFBC}") = "Modules.Users.Application", "src\Modules\Users\Modules.Users.Application\Modules.Users.Application.csproj", "{49366843-5363-4DA6-9636-DD07E8B6DA39}"
EndProject
Project("{FAE04EC0-301F-11D3-BF4B-00C04F79EFBC}") = "Modules.Users.Infrastructure", "src\Modules\Users\Modules.Users.Infrastructure\Modules.Users.Infrastructure.csproj", "{DCB24F07-147E-4D51-835C-9D9369C88F5C}"
EndProject
Project("{FAE04EC0-301F-11D3-BF4B-00C04F79EFBC}") = "Endpoints", "src\Common\Endpoints\Endpoints.csproj", "{A0B7B99C-6488-4045-87FF-E53BFD0F8EC2}"
EndProject
Project("{FAE04EC0-301F-11D3-BF4B-00C04F79EFBC}") = "Modules.Users.Endpoints", "src\Modules\Users\Modules.Users.Endpoints\Modules.Users.Endpoints.csproj", "{E74960A6-31A2-4A6E-94E8-4CBB925F2FE4}"
EndProject
Project("{FAE04EC0-301F-11D3-BF4B-00C04F79EFBC}") = "Persistence", "src\Common\Persistence\Persistence.csproj", "{BEDCBEA3-742F-4F12-A840-B054600BE516}"
EndProject
Project("{FAE04EC0-301F-11D3-BF4B-00C04F79EFBC}") = "Modules.Users.Persistence", "src\Modules\Users\Modules.Users.Persistence\Modules.Users.Persistence.csproj", "{F91A2567-51D1-4BC2-BAF4-60D70DBB537A}"
EndProject
Global
	GlobalSection(SolutionConfigurationPlatforms) = preSolution
		Debug|Any CPU = Debug|Any CPU
		Release|Any CPU = Release|Any CPU
	EndGlobalSection
	GlobalSection(NestedProjects) = preSolution
		{EF0576FE-1666-4E53-9198-554DCBD6C117} = {21A4B4C1-F2DB-402B-92D2-36D493FF409A}
		{2B481FE9-1480-43A0-8F1E-C09298435507} = {21A4B4C1-F2DB-402B-92D2-36D493FF409A}
		{28AA6DB8-7E21-4599-9150-8CF7126199E5} = {EF0576FE-1666-4E53-9198-554DCBD6C117}
		{8555A11B-6DEE-46B2-98B9-BF95496A57FD} = {EF0576FE-1666-4E53-9198-554DCBD6C117}
		{D3D52558-E4E1-4FE8-BD5C-241251B17775} = {EF0576FE-1666-4E53-9198-554DCBD6C117}
		{13BD0332-0B1B-448C-B77C-266776E530A8} = {21A4B4C1-F2DB-402B-92D2-36D493FF409A}
		{C55F6016-20AA-48CD-A0FD-27697CF91DBB} = {2B481FE9-1480-43A0-8F1E-C09298435507}
		{3DF1754E-318D-418F-B1BF-59201E0D38F3} = {C55F6016-20AA-48CD-A0FD-27697CF91DBB}
		{49366843-5363-4DA6-9636-DD07E8B6DA39} = {C55F6016-20AA-48CD-A0FD-27697CF91DBB}
		{DCB24F07-147E-4D51-835C-9D9369C88F5C} = {C55F6016-20AA-48CD-A0FD-27697CF91DBB}
		{A0B7B99C-6488-4045-87FF-E53BFD0F8EC2} = {EF0576FE-1666-4E53-9198-554DCBD6C117}
		{E74960A6-31A2-4A6E-94E8-4CBB925F2FE4} = {C55F6016-20AA-48CD-A0FD-27697CF91DBB}
		{BEDCBEA3-742F-4F12-A840-B054600BE516} = {EF0576FE-1666-4E53-9198-554DCBD6C117}
		{F91A2567-51D1-4BC2-BAF4-60D70DBB537A} = {C55F6016-20AA-48CD-A0FD-27697CF91DBB}
	EndGlobalSection
	GlobalSection(ProjectConfigurationPlatforms) = postSolution
		{28AA6DB8-7E21-4599-9150-8CF7126199E5}.Debug|Any CPU.ActiveCfg = Debug|Any CPU
		{28AA6DB8-7E21-4599-9150-8CF7126199E5}.Debug|Any CPU.Build.0 = Debug|Any CPU
		{28AA6DB8-7E21-4599-9150-8CF7126199E5}.Release|Any CPU.ActiveCfg = Release|Any CPU
		{28AA6DB8-7E21-4599-9150-8CF7126199E5}.Release|Any CPU.Build.0 = Release|Any CPU
		{8555A11B-6DEE-46B2-98B9-BF95496A57FD}.Debug|Any CPU.ActiveCfg = Debug|Any CPU
		{8555A11B-6DEE-46B2-98B9-BF95496A57FD}.Debug|Any CPU.Build.0 = Debug|Any CPU
		{8555A11B-6DEE-46B2-98B9-BF95496A57FD}.Release|Any CPU.ActiveCfg = Release|Any CPU
		{8555A11B-6DEE-46B2-98B9-BF95496A57FD}.Release|Any CPU.Build.0 = Release|Any CPU
		{D3D52558-E4E1-4FE8-BD5C-241251B17775}.Debug|Any CPU.ActiveCfg = Debug|Any CPU
		{D3D52558-E4E1-4FE8-BD5C-241251B17775}.Debug|Any CPU.Build.0 = Debug|Any CPU
		{D3D52558-E4E1-4FE8-BD5C-241251B17775}.Release|Any CPU.ActiveCfg = Release|Any CPU
		{D3D52558-E4E1-4FE8-BD5C-241251B17775}.Release|Any CPU.Build.0 = Release|Any CPU
		{13BD0332-0B1B-448C-B77C-266776E530A8}.Debug|Any CPU.ActiveCfg = Debug|Any CPU
		{13BD0332-0B1B-448C-B77C-266776E530A8}.Debug|Any CPU.Build.0 = Debug|Any CPU
		{13BD0332-0B1B-448C-B77C-266776E530A8}.Release|Any CPU.ActiveCfg = Release|Any CPU
		{13BD0332-0B1B-448C-B77C-266776E530A8}.Release|Any CPU.Build.0 = Release|Any CPU
		{3DF1754E-318D-418F-B1BF-59201E0D38F3}.Debug|Any CPU.ActiveCfg = Debug|Any CPU
		{3DF1754E-318D-418F-B1BF-59201E0D38F3}.Debug|Any CPU.Build.0 = Debug|Any CPU
		{3DF1754E-318D-418F-B1BF-59201E0D38F3}.Release|Any CPU.ActiveCfg = Release|Any CPU
		{3DF1754E-318D-418F-B1BF-59201E0D38F3}.Release|Any CPU.Build.0 = Release|Any CPU
		{49366843-5363-4DA6-9636-DD07E8B6DA39}.Debug|Any CPU.ActiveCfg = Debug|Any CPU
		{49366843-5363-4DA6-9636-DD07E8B6DA39}.Debug|Any CPU.Build.0 = Debug|Any CPU
		{49366843-5363-4DA6-9636-DD07E8B6DA39}.Release|Any CPU.ActiveCfg = Release|Any CPU
		{49366843-5363-4DA6-9636-DD07E8B6DA39}.Release|Any CPU.Build.0 = Release|Any CPU
		{DCB24F07-147E-4D51-835C-9D9369C88F5C}.Debug|Any CPU.ActiveCfg = Debug|Any CPU
		{DCB24F07-147E-4D51-835C-9D9369C88F5C}.Debug|Any CPU.Build.0 = Debug|Any CPU
		{DCB24F07-147E-4D51-835C-9D9369C88F5C}.Release|Any CPU.ActiveCfg = Release|Any CPU
		{DCB24F07-147E-4D51-835C-9D9369C88F5C}.Release|Any CPU.Build.0 = Release|Any CPU
		{A0B7B99C-6488-4045-87FF-E53BFD0F8EC2}.Debug|Any CPU.ActiveCfg = Debug|Any CPU
		{A0B7B99C-6488-4045-87FF-E53BFD0F8EC2}.Debug|Any CPU.Build.0 = Debug|Any CPU
		{A0B7B99C-6488-4045-87FF-E53BFD0F8EC2}.Release|Any CPU.ActiveCfg = Release|Any CPU
		{A0B7B99C-6488-4045-87FF-E53BFD0F8EC2}.Release|Any CPU.Build.0 = Release|Any CPU
		{E74960A6-31A2-4A6E-94E8-4CBB925F2FE4}.Debug|Any CPU.ActiveCfg = Debug|Any CPU
		{E74960A6-31A2-4A6E-94E8-4CBB925F2FE4}.Debug|Any CPU.Build.0 = Debug|Any CPU
		{E74960A6-31A2-4A6E-94E8-4CBB925F2FE4}.Release|Any CPU.ActiveCfg = Release|Any CPU
		{E74960A6-31A2-4A6E-94E8-4CBB925F2FE4}.Release|Any CPU.Build.0 = Release|Any CPU
		{BEDCBEA3-742F-4F12-A840-B054600BE516}.Debug|Any CPU.ActiveCfg = Debug|Any CPU
		{BEDCBEA3-742F-4F12-A840-B054600BE516}.Debug|Any CPU.Build.0 = Debug|Any CPU
		{BEDCBEA3-742F-4F12-A840-B054600BE516}.Release|Any CPU.ActiveCfg = Release|Any CPU
		{BEDCBEA3-742F-4F12-A840-B054600BE516}.Release|Any CPU.Build.0 = Release|Any CPU
		{F91A2567-51D1-4BC2-BAF4-60D70DBB537A}.Debug|Any CPU.ActiveCfg = Debug|Any CPU
		{F91A2567-51D1-4BC2-BAF4-60D70DBB537A}.Debug|Any CPU.Build.0 = Debug|Any CPU
		{F91A2567-51D1-4BC2-BAF4-60D70DBB537A}.Release|Any CPU.ActiveCfg = Release|Any CPU
		{F91A2567-51D1-4BC2-BAF4-60D70DBB537A}.Release|Any CPU.Build.0 = Release|Any CPU
	EndGlobalSection
EndGlobal
